using System;
using System.Collections.Generic;
using System.Linq;
using System.Text;

namespace ConsoleApplication1
{
  class Program    // имя класса
{
 static void Main()    
{
double radius;
double area;
double a, b, c, p, s;
string str;
Console.Write("Do you want to count the area of triangle? [y/n]: ");
str = Console.ReadLine();
     switch( str){
         case "n":
Console.Write("Enter radius of a circle:" );
     radius = Convert.ToDouble( Console.ReadLine() ); 
area = radius * radius * 3.1416;
    Console.WriteLine("Area equals:" + area);
    Console.Read();
    break;
         case "y":
    Console.WriteLine("Enter a: ");
    a = Convert.ToDouble( Console.ReadLine() );
    Console.WriteLine("Enter b: ");
    b = Convert.ToDouble(Console.ReadLine());
    Console.WriteLine("Enter c: ");
    c = Convert.ToDouble(Console.ReadLine());

p = (a + b + c) / 2;

s = Math.Sqrt(p * (p - a) * (p - b) * (p - c));

Console.WriteLine("Area equals: {0}", s);
Console.ReadLine();
break;
 }
}
}
}
